# This file is automatically @generated by Cargo.
# It is not intended for manual editing.
version = 4

[[package]]
name = "app-a"
version = "0.1.0"
dependencies = [
 "azure-engine",
 "azure-foundation",
 "azure-rooter",
]

[[package]]
name = "app-b"
version = "0.1.0"
dependencies = [
 "azure-engine",
 "azure-foundation",
]

[[package]]
name = "app-c"
version = "0.1.0"
dependencies = [
 "azure-engine",
 "azure-rooter",
]

[[package]]
name = "azure-cli"
version = "0.1.0"
dependencies = [
 "azure-core",
 "azure-manager",
 "azure-provider",
 "azure-service",
 "libc",
]

[[package]]
name = "azure-core"
version = "0.1.0"
dependencies = [
 "libc",
]

[[package]]
name = "azure-engine"
version = "0.1.0"
dependencies = [
 "azure-core",
 "libc",
 "ttf-parser",
]

[[package]]
name = "azure-foundation"
version = "0.1.0"
dependencies = [
 "azure-core",
 "azure-engine",
 "azure-manager",
 "azure-provider",
 "azure-rooter",
 "azure-service",
 "azure-stockage",
 "libc",
]

[[package]]
name = "azure-manager"
version = "0.1.0"
dependencies = [
 "azure-core",
 "azure-provider",
 "azure-service",
 "azure-stockage",
 "libc",
]

[[package]]
name = "azure-provider"
version = "0.1.0"
dependencies = [
 "azure-core",
 "libc",
]

[[package]]
name = "azure-rooter"
version = "0.1.0"
dependencies = [
 "azure-core",
]

[[package]]
name = "azure-service"
version = "0.1.0"
dependencies = [
 "azure-core",
 "azure-provider",
 "libc",
]

[[package]]
name = "azure-stockage"
version = "0.1.0"
dependencies = [
 "azure-core",
 "libc",
]

[[package]]
name = "libc"
version = "0.2.186"
source = "registry+https://github.com/rust-lang/crates.io-index"
checksum = "68ab91017fe16c622486840e4c83c9a37afeff978bd239b5293d61ece587de66"

[[package]]
name = "ttf-parser"
version = "0.21.1"
source = "registry+https://github.com/rust-lang/crates.io-index"
checksum = "2c591d83f69777866b9126b24c6dd9a18351f177e49d625920d19f989fd31cf8"
